// !$*UTF8*$!
{
	archiveVersion = 1;
	classes = {
	};
	objectVersion = 50;
	objects = {

/* Begin PBXBuildFile section */
		166D8EDC2604796D00877110 /* AppDelegate.swift in Sources */ = {isa = PBXBuildFile; fileRef = 166D8EDB2604796D00877110 /* AppDelegate.swift */; };
		166D8EDE2604796D00877110 /* SceneDelegate.swift in Sources */ = {isa = PBXBuildFile; fileRef = 166D8EDD2604796D00877110 /* SceneDelegate.swift */; };
		166D8EE02604796D00877110 /* ViewController.swift in Sources */ = {isa = PBXBuildFile; fileRef = 166D8EDF2604796D00877110 /* ViewController.swift */; };
		166D8EE32604796D00877110 /* Main.storyboard in Resources */ = {isa = PBXBuildFile; fileRef = 166D8EE12604796D00877110 /* Main.storyboard */; };
		166D8EE62604796D00877110 /* SportsApp.xcdatamodeld in Sources */ = {isa = PBXBuildFile; fileRef = 166D8EE42604796D00877110 /* SportsApp.xcdatamodeld */; };
		166D8EE82604796F00877110 /* Assets.xcassets in Resources */ = {isa = PBXBuildFile; fileRef = 166D8EE72604796F00877110 /* Assets.xcassets */; };
		166D8EEB2604796F00877110 /* LaunchScreen.storyboard in Resources */ = {isa = PBXBuildFile; fileRef = 166D8EE92604796F00877110 /* LaunchScreen.storyboard */; };
		166D8EF62604796F00877110 /* SportsAppTests.swift in Sources */ = {isa = PBXBuildFile; fileRef = 166D8EF52604796F00877110 /* SportsAppTests.swift */; };
		166D8F012604796F00877110 /* SportsAppUITests.swift in Sources */ = {isa = PBXBuildFile; fileRef = 166D8F002604796F00877110 /* SportsAppUITests.swift */; };
		166D8F1226047EC300877110 /* SportsViewController.swift in Sources */ = {isa = PBXBuildFile; fileRef = 166D8F1126047EC300877110 /* SportsViewController.swift */; };
		166D8F1826047FAA00877110 /* SportsCollectionViewCell.swift in Sources */ = {isa = PBXBuildFile; fileRef = 166D8F1626047FAA00877110 /* SportsCollectionViewCell.swift */; };
		166D8F1926047FAA00877110 /* SportsCollectionViewCell.xib in Resources */ = {isa = PBXBuildFile; fileRef = 166D8F1726047FAA00877110 /* SportsCollectionViewCell.xib */; };
/* End PBXBuildFile section */

/* Begin PBXContainerItemProxy section */
		166D8EF22604796F00877110 /* PBXContainerItemProxy */ = {
			isa = PBXContainerItemProxy;
			containerPortal = 166D8ED02604796D00877110 /* Project object */;
			proxyType = 1;
			remoteGlobalIDString = 166D8ED72604796D00877110;
			remoteInfo = SportsApp;
		};
		166D8EFD2604796F00877110 /* PBXContainerItemProxy */ = {
			isa = PBXContainerItemProxy;
			containerPortal = 166D8ED02604796D00877110 /* Project object */;
			proxyType = 1;
			remoteGlobalIDString = 166D8ED72604796D00877110;
			remoteInfo = SportsApp;
		};
/* End PBXContainerItemProxy section */

/* Begin PBXFileReference section */
		166D8ED82604796D00877110 /* SportsApp.app */ = {isa = PBXFileReference; explicitFileType = wrapper.application; includeInIndex = 0; path = SportsApp.app; sourceTree = BUILT_PRODUCTS_DIR; };
		166D8EDB2604796D00877110 /* AppDelegate.swift */ = {isa = PBXFileReference; lastKnownFileType = sourcecode.swift; path = AppDelegate.swift; sourceTree = "<group>"; };
		166D8EDD2604796D00877110 /* SceneDelegate.swift */ = {isa = PBXFileReference; lastKnownFileType = sourcecode.swift; path = SceneDelegate.swift; sourceTree = "<group>"; };
		166D8EDF2604796D00877110 /* ViewController.swift */ = {isa = PBXFileReference; lastKnownFileType = sourcecode.swift; path = ViewController.swift; sourceTree = "<group>"; };
		166D8EE22604796D00877110 /* Base */ = {isa = PBXFileReference; lastKnownFileType = file.storyboard; name = Base; path = Base.lproj/Main.storyboard; sourceTree = "<group>"; };
		166D8EE52604796D00877110 /* SportsApp.xcdatamodel */ = {isa = PBXFileReference; lastKnownFileType = wrapper.xcdatamodel; path = SportsApp.xcdatamodel; sourceTree = "<group>"; };
		166D8EE72604796F00877110 /* Assets.xcassets */ = {isa = PBXFileReference; lastKnownFileType = folder.assetcatalog; path = Assets.xcassets; sourceTree = "<group>"; };
		166D8EEA2604796F00877110 /* Base */ = {isa = PBXFileReference; lastKnownFileType = file.storyboard; name = Base; path = Base.lproj/LaunchScreen.storyboard; sourceTree = "<group>"; };
		166D8EEC2604796F00877110 /* Info.plist */ = {isa = PBXFileReference; lastKnownFileType = text.plist.xml; path = Info.plist; sourceTree = "<group>"; };
		166D8EF12604796F00877110 /* SportsAppTests.xctest */ = {isa = PBXFileReference; explicitFileType = wrapper.cfbundle; includeInIndex = 0; path = SportsAppTests.xctest; sourceTree = BUILT_PRODUCTS_DIR; };
		166D8EF52604796F00877110 /* SportsAppTests.swift */ = {isa = PBXFileReference; lastKnownFileType = sourcecode.swift; path = SportsAppTests.swift; sourceTree = "<group>"; };
		166D8EF72604796F00877110 /* Info.plist */ = {isa = PBXFileReference; lastKnownFileType = text.plist.xml; path = Info.plist; sourceTree = "<group>"; };
		166D8EFC2604796F00877110 /* SportsAppUITests.xctest */ = {isa = PBXFileReference; explicitFileType = wrapper.cfbundle; includeInIndex = 0; path = SportsAppUITests.xctest; sourceTree = BUILT_PRODUCTS_DIR; };
		166D8F002604796F00877110 /* SportsAppUITests.swift */ = {isa = PBXFileReference; lastKnownFileType = sourcecode.swift; path = SportsAppUITests.swift; sourceTree = "<group>"; };
		166D8F022604796F00877110 /* Info.plist */ = {isa = PBXFileReference; lastKnownFileType = text.plist.xml; path = Info.plist; sourceTree = "<group>"; };
		166D8F1126047EC300877110 /* SportsViewController.swift */ = {isa = PBXFileReference; lastKnownFileType = sourcecode.swift; path = SportsViewController.swift; sourceTree = "<group>"; };
		166D8F1626047FAA00877110 /* SportsCollectionViewCell.swift */ = {isa = PBXFileReference; lastKnownFileType = sourcecode.swift; path = SportsCollectionViewCell.swift; sourceTree = "<group>"; };
		166D8F1726047FAA00877110 /* SportsCollectionViewCell.xib */ = {isa = PBXFileReference; lastKnownFileType = file.xib; path = SportsCollectionViewCell.xib; sourceTree = "<group>"; };
/* End PBXFileReference section */

/* Begin PBXFrameworksBuildPhase section */
		166D8ED52604796D00877110 /* Frameworks */ = {
			isa = PBXFrameworksBuildPhase;
			buildActionMask = 2147483647;
			files = (
			);
			runOnlyForDeploymentPostprocessing = 0;
		};
		166D8EEE2604796F00877110 /* Frameworks */ = {
			isa = PBXFrameworksBuildPhase;
			buildActionMask = 2147483647;
			files = (
			);
			runOnlyForDeploymentPostprocessing = 0;
		};
		166D8EF92604796F00877110 /* Frameworks */ = {
			isa = PBXFrameworksBuildPhase;
			buildActionMask = 2147483647;
			files = (
			);
			runOnlyForDeploymentPostprocessing = 0;
		};
/* End PBXFrameworksBuildPhase section */

/* Begin PBXGroup section */
		166D8ECF2604796D00877110 = {
			isa = PBXGroup;
			children = (
				166D8EDA2604796D00877110 /* SportsApp */,
				166D8EF42604796F00877110 /* SportsAppTests */,
				166D8EFF2604796F00877110 /* SportsAppUITests */,
				166D8ED92604796D00877110 /* Products */,
			);
			sourceTree = "<group>";
		};
		166D8ED92604796D00877110 /* Products */ = {
			isa = PBXGroup;
			children = (
				166D8ED82604796D00877110 /* SportsApp.app */,
				166D8EF12604796F00877110 /* SportsAppTests.xctest */,
				166D8EFC2604796F00877110 /* SportsAppUITests.xctest */,
			);
			name = Products;
			sourceTree = "<group>";
		};
		166D8EDA2604796D00877110 /* SportsApp */ = {
			isa = PBXGroup;
			children = (
				166D8EDB2604796D00877110 /* AppDelegate.swift */,
				166D8EDD2604796D00877110 /* SceneDelegate.swift */,
				166D8EDF2604796D00877110 /* ViewController.swift */,
				166D8EE12604796D00877110 /* Main.storyboard */,
				166D8EE72604796F00877110 /* Assets.xcassets */,
				166D8EE92604796F00877110 /* LaunchScreen.storyboard */,
				166D8EEC2604796F00877110 /* Info.plist */,
				166D8EE42604796D00877110 /* SportsApp.xcdatamodeld */,
				166D8F1126047EC300877110 /* SportsViewController.swift */,
				166D8F1626047FAA00877110 /* SportsCollectionViewCell.swift */,
				166D8F1726047FAA00877110 /* SportsCollectionViewCell.xib */,
			);
			path = SportsApp;
			sourceTree = "<group>";
		};
		166D8EF42604796F00877110 /* SportsAppTests */ = {
			isa = PBXGroup;
			children = (
				166D8EF52604796F00877110 /* SportsAppTests.swift */,
				166D8EF72604796F00877110 /* Info.plist */,
			);
			path = SportsAppTests;
			sourceTree = "<group>";
		};
		166D8EFF2604796F00877110 /* SportsAppUITests */ = {
			isa = PBXGroup;
			children = (
				166D8F002604796F00877110 /* SportsAppUITests.swift */,
				166D8F022604796F00877110 /* Info.plist */,
			);
			path = SportsAppUITests;
			sourceTree = "<group>";
		};
/* End PBXGroup section */

/* Begin PBXNativeTarget section */
		166D8ED72604796D00877110 /* SportsApp */ = {
			isa = PBXNativeTarget;
			buildConfigurationList = 166D8F052604796F00877110 /* Build configuration list for PBXNativeTarget "SportsApp" */;
			buildPhases = (
				166D8ED42604796D00877110 /* Sources */,
				166D8ED52604796D00877110 /* Frameworks */,
				166D8ED62604796D00877110 /* Resources */,
			);
			buildRules = (
			);
			dependencies = (
			);
			name = SportsApp;
			productName = SportsApp;
			productReference = 166D8ED82604796D00877110 /* SportsApp.app */;
			productType = "com.apple.product-type.application";
		};
		166D8EF02604796F00877110 /* SportsAppTests */ = {
			isa = PBXNativeTarget;
			buildConfigurationList = 166D8F082604796F00877110 /* Build configuration list for PBXNativeTarget "SportsAppTests" */;
			buildPhases = (
				166D8EED2604796F00877110 /* Sources */,
				166D8EEE2604796F00877110 /* Frameworks */,
				166D8EEF2604796F00877110 /* Resources */,
			);
			buildRules = (
			);
			dependencies = (
				166D8EF32604796F00877110 /* PBXTargetDependency */,
			);
			name = SportsAppTests;
			productName = SportsAppTests;
			productReference = 166D8EF12604796F00877110 /* SportsAppTests.xctest */;
			productType = "com.apple.product-type.bundle.unit-test";
		};
		166D8EFB2604796F00877110 /* SportsAppUITests */ = {
			isa = PBXNativeTarget;
			buildConfigurationList = 166D8F0B2604796F00877110 /* Build configuration list for PBXNativeTarget "SportsAppUITests" */;
			buildPhases = (
				166D8EF82604796F00877110 /* Sources */,
				166D8EF92604796F00877110 /* Frameworks */,
				166D8EFA2604796F00877110 /* Resources */,
			);
			buildRules = (
			);
			dependencies = (
				166D8EFE2604796F00877110 /* PBXTargetDependency */,
			);
			name = SportsAppUITests;
			productName = SportsAppUITests;
			productReference = 166D8EFC2604796F00877110 /* SportsAppUITests.xctest */;
			productType = "com.apple.product-type.bundle.ui-testing";
		};
/* End PBXNativeTarget section */

/* Begin PBXProject section */
		166D8ED02604796D00877110 /* Project object */ = {
			isa = PBXProject;
			attributes = {
				LastSwiftUpdateCheck = 1220;
				LastUpgradeCheck = 1220;
				TargetAttributes = {
					166D8ED72604796D00877110 = {
						CreatedOnToolsVersion = 12.2;
					};
					166D8EF02604796F00877110 = {
						CreatedOnToolsVersion = 12.2;
						TestTargetID = 166D8ED72604796D00877110;
					};
					166D8EFB2604796F00877110 = {
						CreatedOnToolsVersion = 12.2;
						TestTargetID = 166D8ED72604796D00877110;
					};
				};
			};
			buildConfigurationList = 166D8ED32604796D00877110 /* Build configuration list for PBXProject "SportsApp" */;
			compatibilityVersion = "Xcode 9.3";
			developmentRegion = en;
			hasScannedForEncodings = 0;
			knownRegions = (
				en,
				Base,
			);
			mainGroup = 166D8ECF2604796D00877110;
			productRefGroup = 166D8ED92604796D00877110 /* Products */;
			projectDirPath = "";
			projectRoot = "";
			targets = (
				166D8ED72604796D00877110 /* SportsApp */,
				166D8EF02604796F00877110 /* SportsAppTests */,
				166D8EFB2604796F00877110 /* SportsAppUITests */,
			);
		};
/* End PBXProject section */

/* Begin PBXResourcesBuildPhase section */
		166D8ED62604796D00877110 /* Resources */ = {
			isa = PBXResourcesBuildPhase;
			buildActionMask = 2147483647;
			files = (
				166D8EEB2604796F00877110 /* LaunchScreen.storyboard in Resources */,
				166D8EE82604796F00877110 /* Assets.xcassets in Resources */,
				166D8EE32604796D00877110 /* Main.storyboard in Resources */,
				166D8F1926047FAA00877110 /* SportsCollectionViewCell.xib in Resources */,
			);
			runOnlyForDeploymentPostprocessing = 0;
		};
		166D8EEF2604796F00877110 /* Resources */ = {
			isa = PBXResourcesBuildPhase;
			buildActionMask = 2147483647;
			files = (
			);
			runOnlyForDeploymentPostprocessing = 0;
		};
		166D8EFA2604796F00877110 /* Resources */ = {
			isa = PBXResourcesBuildPhase;
			buildActionMask = 2147483647;
			files = (
			);
			runOnlyForDeploymentPostprocessing = 0;
		};
/* End PBXResourcesBuildPhase section */

/* Begin PBXSourcesBuildPhase section */
		166D8ED42604796D00877110 /* Sources */ = {
			isa = PBXSourcesBuildPhase;
			buildActionMask = 2147483647;
			files = (
				166D8EE02604796D00877110 /* ViewController.swift in Sources */,
				166D8F1826047FAA00877110 /* SportsCollectionViewCell.swift in Sources */,
				166D8EDC2604796D00877110 /* AppDelegate.swift in Sources */,
				166D8F1226047EC300877110 /* SportsViewController.swift in Sources */,
				166D8EE62604796D00877110 /* SportsApp.xcdatamodeld in Sources */,
				166D8EDE2604796D00877110 /* SceneDelegate.swift in Sources */,
			);
			runOnlyForDeploymentPostprocessing = 0;
		};
		166D8EED2604796F00877110 /* Sources */ = {
			isa = PBXSourcesBuildPhase;
			buildActionMask = 2147483647;
			files = (
				166D8EF62604796F00877110 /* SportsAppTests.swift in Sources */,
			);
			runOnlyForDeploymentPostprocessing = 0;
		};
		166D8EF82604796F00877110 /* Sources */ = {
			isa = PBXSourcesBuildPhase;
			buildActionMask = 2147483647;
			files = (
				166D8F012604796F00877110 /* SportsAppUITests.swift in Sources */,
			);
			runOnlyForDeploymentPostprocessing = 0;
		};
/* End PBXSourcesBuildPhase section */

/* Begin PBXTargetDependency section */
		166D8EF32604796F00877110 /* PBXTargetDependency */ = {
			isa = PBXTargetDependency;
			target = 166D8ED72604796D00877110 /* SportsApp */;
			targetProxy = 166D8EF22604796F00877110 /* PBXContainerItemProxy */;
		};
		166D8EFE2604796F00877110 /* PBXTargetDependency */ = {
			isa = PBXTargetDependency;
			target = 166D8ED72604796D00877110 /* SportsApp */;
			targetProxy = 166D8EFD2604796F00877110 /* PBXContainerItemProxy */;
		};
/* End PBXTargetDependency section */

/* Begin PBXVariantGroup section */
		166D8EE12604796D00877110 /* Main.storyboard */ = {
			isa = PBXVariantGroup;
			children = (
				166D8EE22604796D00877110 /* Base */,
			);
			name = Main.storyboard;
			sourceTree = "<group>";
		};
		166D8EE92604796F00877110 /* LaunchScreen.storyboard */ = {
			isa = PBXVariantGroup;
			children = (
				166D8EEA2604796F00877110 /* Base */,
			);
			name = LaunchScreen.storyboard;
			sourceTree = "<group>";
		};
/* End PBXVariantGroup section */

/* Begin XCBuildConfiguration section */
		166D8F032604796F00877110 /* Debug */ = {
			isa = XCBuildConfiguration;
			buildSettings = {
				ALWAYS_SEARCH_USER_PATHS = NO;
				CLANG_ANALYZER_NONNULL = YES;
				CLANG_ANALYZER_NUMBER_OBJECT_CONVERSION = YES_AGGRESSIVE;
				CLANG_CXX_LANGUAGE_STANDARD = "gnu++14";
				CLANG_CXX_LIBRARY = "libc++";
				CLANG_ENABLE_MODULES = YES;
				CLANG_ENABLE_OBJC_ARC = YES;
				CLANG_ENABLE_OBJC_WEAK = YES;
				CLANG_WARN_BLOCK_CAPTURE_AUTORELEASING = YES;
				CLANG_WARN_BOOL_CONVERSION = YES;
				CLANG_WARN_COMMA = YES;
				CLANG_WARN_CONSTANT_CONVERSION = YES;
				CLANG_WARN_DEPRECATED_OBJC_IMPLEMENTATIONS = YES;
				CLANG_WARN_DIRECT_OBJC_ISA_USAGE = YES_ERROR;
				CLANG_WARN_DOCUMENTATION_COMMENTS = YES;
				CLANG_WARN_EMPTY_BODY = YES;
				CLANG_WARN_ENUM_CONVERSION = YES;
				CLANG_WARN_INFINITE_RECURSION = YES;
				CLANG_WARN_INT_CONVERSION = YES;
				CLANG_WARN_NON_LITERAL_NULL_CONVERSION = YES;
				CLANG_WARN_OBJC_IMPLICIT_RETAIN_SELF = YES;
				CLANG_WARN_OBJC_LITERAL_CONVERSION = YES;
				CLANG_WARN_OBJC_ROOT_CLASS = YES_ERROR;
				CLANG_WARN_QUOTED_INCLUDE_IN_FRAMEWORK_HEADER = YES;
				CLANG_WARN_RANGE_LOOP_ANALYSIS = YES;
				CLANG_WARN_STRICT_PROTOTYPES = YES;
				CLANG_WARN_SUSPICIOUS_MOVE = YES;
				CLANG_WARN_UNGUARDED_AVAILABILITY = YES_AGGRESSIVE;
				CLANG_WARN_UNREACHABLE_CODE = YES;
				CLANG_WARN__DUPLICATE_METHOD_MATCH = YES;
				COPY_PHASE_STRIP = NO;
				DEBUG_INFORMATION_FORMAT = dwarf;
				ENABLE_STRICT_OBJC_MSGSEND = YES;
				ENABLE_TESTABILITY = YES;
				GCC_C_LANGUAGE_STANDARD = gnu11;
				GCC_DYNAMIC_NO_PIC = NO;
				GCC_NO_COMMON_BLOCKS = YES;
				GCC_OPTIMIZATION_LEVEL = 0;
				GCC_PREPROCESSOR_DEFINITIONS = (
					"DEBUG=1",
					"$(inherited)",
				);
				GCC_WARN_64_TO_32_BIT_CONVERSION = YES;
				GCC_WARN_ABOUT_RETURN_TYPE = YES_ERROR;
				GCC_WARN_UNDECLARED_SELECTOR = YES;
				GCC_WARN_UNINITIALIZED_AUTOS = YES_AGGRESSIVE;
				GCC_WARN_UNUSED_FUNCTION = YES;
				GCC_WARN_UNUSED_VARIABLE = YES;
				IPHONEOS_DEPLOYMENT_TARGET = 14.2;
				MTL_ENABLE_DEBUG_INFO = INCLUDE_SOURCE;
				MTL_FAST_MATH = YES;
				ONLY_ACTIVE_ARCH = YES;
				SDKROOT = iphoneos;
				SWIFT_ACTIVE_COMPILATION_CONDITIONS = DEBUG;
				SWIFT_OPTIMIZATION_LEVEL = "-Onone";
			};
			name = Debug;
		};
		166D8F042604796F00877110 /* Release */ = {
			isa = XCBuildConfiguration;
			buildSettings = {
				ALWAYS_SEARCH_USER_PATHS = NO;
				CLANG_ANALYZER_NONNULL = YES;
				CLANG_ANALYZER_NUMBER_OBJECT_CONVERSION = YES_AGGRESSIVE;
				CLANG_CXX_LANGUAGE_STANDARD = "gnu++14";
				CLANG_CXX_LIBRARY = "libc++";
				CLANG_ENABLE_MODULES = YES;
				CLANG_ENABLE_OBJC_ARC = YES;
				CLANG_ENABLE_OBJC_WEAK = YES;
				CLANG_WARN_BLOCK_CAPTURE_AUTORELEASING = YES;
				CLANG_WARN_BOOL_CONVERSION = YES;
				CLANG_WARN_COMMA = YES;
				CLANG_WARN_CONSTANT_CONVERSION = YES;
				CLANG_WARN_DEPRECATED_OBJC_IMPLEMENTATIONS = YES;
				CLANG_WARN_DIRECT_OBJC_ISA_USAGE = YES_ERROR;
				CLANG_WARN_DOCUMENTATION_COMMENTS = YES;
				CLANG_WARN_EMPTY_BODY = YES;
				CLANG_WARN_ENUM_CONVERSION = YES;
				CLANG_WARN_INFINITE_RECURSION = YES;
				CLANG_WARN_INT_CONVERSION = YES;
				CLANG_WARN_NON_LITERAL_NULL_CONVERSION = YES;
				CLANG_WARN_OBJC_IMPLICIT_RETAIN_SELF = YES;
				CLANG_WARN_OBJC_LITERAL_CONVERSION = YES;
				CLANG_WARN_OBJC_ROOT_CLASS = YES_ERROR;
				CLANG_WARN_QUOTED_INCLUDE_IN_FRAMEWORK_HEADER = YES;
				CLANG_WARN_RANGE_LOOP_ANALYSIS = YES;
				CLANG_WARN_STRICT_PROTOTYPES = YES;
				CLANG_WARN_SUSPICIOUS_MOVE = YES;
				CLANG_WARN_UNGUARDED_AVAILABILITY = YES_AGGRESSIVE;
				CLANG_WARN_UNREACHABLE_CODE = YES;
				CLANG_WARN__DUPLICATE_METHOD_MATCH = YES;
				COPY_PHASE_STRIP = NO;
				DEBUG_INFORMATION_FORMAT = "dwarf-with-dsym";
				ENABLE_NS_ASSERTIONS = NO;
				ENABLE_STRICT_OBJC_MSGSEND = YES;
				GCC_C_LANGUAGE_STANDARD = gnu11;
				GCC_NO_COMMON_BLOCKS = YES;
				GCC_WARN_64_TO_32_BIT_CONVERSION = YES;
				GCC_WARN_ABOUT_RETURN_TYPE = YES_ERROR;
				GCC_WARN_UNDECLARED_SELECTOR = YES;
				GCC_WARN_UNINITIALIZED_AUTOS = YES_AGGRESSIVE;
				GCC_WARN_UNUSED_FUNCTION = YES;
				GCC_WARN_UNUSED_VARIABLE = YES;
				IPHONEOS_DEPLOYMENT_TARGET = 14.2;
				MTL_ENABLE_DEBUG_INFO = NO;
				MTL_FAST_MATH = YES;
				SDKROOT = iphoneos;
				SWIFT_COMPILATION_MODE = wholemodule;
				SWIFT_OPTIMIZATION_LEVEL = "-O";
				VALIDATE_PRODUCT = YES;
			};
			name = Release;
		};
		166D8F062604796F00877110 /* Debug */ = {
			isa = XCBuildConfiguration;
			buildSettings = {
				ASSETCATALOG_COMPILER_APPICON_NAME = AppIcon;
				ASSETCATALOG_COMPILER_GLOBAL_ACCENT_COLOR_NAME = AccentColor;
				CODE_SIGN_STYLE = Automatic;
				DEVELOPMENT_TEAM = KF6D478446;
				INFOPLIST_FILE = SportsApp/Info.plist;
				LD_RUNPATH_SEARCH_PATHS = (
					"$(inherited)",
					"@executable_path/Frameworks",
				);
				PRODUCT_BUNDLE_IDENTIFIER = com.Morsy.SportsApp;
				PRODUCT_NAME = "$(TARGET_NAME)";
				SWIFT_VERSION = 5.0;
				TARGETED_DEVICE_FAMILY = "1,2";
			};
			name = Debug;
		};
		166D8F072604796F00877110 /* Release */ = {
			isa = XCBuildConfiguration;
			buildSettings = {
				ASSETCATALOG_COMPILER_APPICON_NAME = AppIcon;
				ASSETCATALOG_COMPILER_GLOBAL_ACCENT_COLOR_NAME = AccentColor;
				CODE_SIGN_STYLE = Automatic;
				DEVELOPMENT_TEAM = KF6D478446;
				INFOPLIST_FILE = SportsApp/Info.plist;
				LD_RUNPATH_SEARCH_PATHS = (
					"$(inherited)",
					"@executable_path/Frameworks",
				);
				PRODUCT_BUNDLE_IDENTIFIER = com.Morsy.SportsApp;
				PRODUCT_NAME = "$(TARGET_NAME)";
				SWIFT_VERSION = 5.0;
				TARGETED_DEVICE_FAMILY = "1,2";
			};
			name = Release;
		};
		166D8F092604796F00877110 /* Debug */ = {
			isa = XCBuildConfiguration;
			buildSettings = {
				ALWAYS_EMBED_SWIFT_STANDARD_LIBRARIES = YES;
				BUNDLE_LOADER = "$(TEST_HOST)";
				CODE_SIGN_STYLE = Automatic;
				DEVELOPMENT_TEAM = KF6D478446;
				INFOPLIST_FILE = SportsAppTests/Info.plist;
				IPHONEOS_DEPLOYMENT_TARGET = 14.2;
				LD_RUNPATH_SEARCH_PATHS = (
					"$(inherited)",
					"@executable_path/Frameworks",
					"@loader_path/Frameworks",
				);
				PRODUCT_BUNDLE_IDENTIFIER = com.Morsy.SportsAppTests;
				PRODUCT_NAME = "$(TARGET_NAME)";
				SWIFT_VERSION = 5.0;
				TARGETED_DEVICE_FAMILY = "1,2";
				TEST_HOST = "$(BUILT_PRODUCTS_DIR)/SportsApp.app/SportsApp";
			};
			name = Debug;
		};
		166D8F0A2604796F00877110 /* Release */ = {
			isa = XCBuildConfiguration;
			buildSettings = {
				ALWAYS_EMBED_SWIFT_STANDARD_LIBRARIES = YES;
				BUNDLE_LOADER = "$(TEST_HOST)";
				CODE_SIGN_STYLE = Automatic;
				DEVELOPMENT_TEAM = KF6D478446;
				INFOPLIST_FILE = SportsAppTests/Info.plist;
				IPHONEOS_DEPLOYMENT_TARGET = 14.2;
				LD_RUNPATH_SEARCH_PATHS = (
					"$(inherited)",
					"@executable_path/Frameworks",
					"@loader_path/Frameworks",
				);
				PRODUCT_BUNDLE_IDENTIFIER = com.Morsy.SportsAppTests;
				PRODUCT_NAME = "$(TARGET_NAME)";
				SWIFT_VERSION = 5.0;
				TARGETED_DEVICE_FAMILY = "1,2";
				TEST_HOST = "$(BUILT_PRODUCTS_DIR)/SportsApp.app/SportsApp";
			};
			name = Release;
		};
		166D8F0C2604796F00877110 /* Debug */ = {
			isa = XCBuildConfiguration;
			buildSettings = {
				ALWAYS_EMBED_SWIFT_STANDARD_LIBRARIES = YES;
				CODE_SIGN_STYLE = Automatic;
				DEVELOPMENT_TEAM = KF6D478446;
				INFOPLIST_FILE = SportsAppUITests/Info.plist;
				LD_RUNPATH_SEARCH_PATHS = (
					"$(inherited)",
					"@executable_path/Frameworks",
					"@loader_path/Frameworks",
				);
				PRODUCT_BUNDLE_IDENTIFIER = com.Morsy.SportsAppUITests;
				PRODUCT_NAME = "$(TARGET_NAME)";
				SWIFT_VERSION = 5.0;
				TARGETED_DEVICE_FAMILY = "1,2";
				TEST_TARGET_NAME = SportsApp;
			};
			name = Debug;
		};
		166D8F0D2604796F00877110 /* Release */ = {
			isa = XCBuildConfiguration;
			buildSettings = {
				ALWAYS_EMBED_SWIFT_STANDARD_LIBRARIES = YES;
				CODE_SIGN_STYLE = Automatic;
				DEVELOPMENT_TEAM = KF6D478446;
				INFOPLIST_FILE = SportsAppUITests/Info.plist;
				LD_RUNPATH_SEARCH_PATHS = (
					"$(inherited)",
					"@executable_path/Frameworks",
					"@loader_path/Frameworks",
				);
				PRODUCT_BUNDLE_IDENTIFIER = com.Morsy.SportsAppUITests;
				PRODUCT_NAME = "$(TARGET_NAME)";
				SWIFT_VERSION = 5.0;
				TARGETED_DEVICE_FAMILY = "1,2";
				TEST_TARGET_NAME = SportsApp;
			};
			name = Release;
		};
/* End XCBuildConfiguration section */

/* Begin XCConfigurationList section */
		166D8ED32604796D00877110 /* Build configuration list for PBXProject "SportsApp" */ = {
			isa = XCConfigurationList;
			buildConfigurations = (
				166D8F032604796F00877110 /* Debug */,
				166D8F042604796F00877110 /* Release */,
			);
			defaultConfigurationIsVisible = 0;
			defaultConfigurationName = Release;
		};
		166D8F052604796F00877110 /* Build configuration list for PBXNativeTarget "SportsApp" */ = {
			isa = XCConfigurationList;
			buildConfigurations = (
				166D8F062604796F00877110 /* Debug */,
				166D8F072604796F00877110 /* Release */,
			);
			defaultConfigurationIsVisible = 0;
			defaultConfigurationName = Release;
		};
		166D8F082604796F00877110 /* Build configuration list for PBXNativeTarget "SportsAppTests" */ = {
			isa = XCConfigurationList;
			buildConfigurations = (
				166D8F092604796F00877110 /* Debug */,
				166D8F0A2604796F00877110 /* Release */,
			);
			defaultConfigurationIsVisible = 0;
			defaultConfigurationName = Release;
		};
		166D8F0B2604796F00877110 /* Build configuration list for PBXNativeTarget "SportsAppUITests" */ = {
			isa = XCConfigurationList;
			buildConfigurations = (
				166D8F0C2604796F00877110 /* Debug */,
				166D8F0D2604796F00877110 /* Release */,
			);
			defaultConfigurationIsVisible = 0;
			defaultConfigurationName = Release;
		};
/* End XCConfigurationList section */

/* Begin XCVersionGroup section */
		166D8EE42604796D00877110 /* SportsApp.xcdatamodeld */ = {
			isa = XCVersionGroup;
			children = (
				166D8EE52604796D00877110 /* SportsApp.xcdatamodel */,
			);
			currentVersion = 166D8EE52604796D00877110 /* SportsApp.xcdatamodel */;
			path = SportsApp.xcdatamodeld;
			sourceTree = "<group>";
			versionGroupType = wrapper.xcdatamodel;
		};
/* End XCVersionGroup section */
	};
	rootObject = 166D8ED02604796D00877110 /* Project object */;
}
